
Microsoft Visual Studio Solution File, Format Version 12.00
# Visual Studio Version 17
VisualStudioVersion = 17.4.33122.133
MinimumVisualStudioVersion = 10.0.40219.1
Project("{FAE04EC0-301F-11D3-BF4B-00C04F79EFBC}") = "Task34", "Task34\Task34.csproj", "{DFCCDB26-5043-4A3C-91A8-501E4704180C}"
EndProject
Global
	GlobalSection(SolutionConfigurationPlatforms) = preSolution
		Debug|Any CPU = Debug|Any CPU
		Release|Any CPU = Release|Any CPU
	EndGlobalSection
	GlobalSection(ProjectConfigurationPlatforms) = postSolution
		{DFCCDB26-5043-4A3C-91A8-501E4704180C}.Debug|Any CPU.ActiveCfg = Debug|Any CPU
		{DFCCDB26-5043-4A3C-91A8-501E4704180C}.Debug|Any CPU.Build.0 = Debug|Any CPU
		{DFCCDB26-5043-4A3C-91A8-501E4704180C}.Release|Any CPU.ActiveCfg = Release|Any CPU
		{DFCCDB26-5043-4A3C-91A8-501E4704180C}.Release|Any CPU.Build.0 = Release|Any CPU
	EndGlobalSection
	GlobalSection(SolutionProperties) = preSolution
		HideSolutionNode = FALSE
	EndGlobalSection
	GlobalSection(ExtensibilityGlobals) = postSolution
		SolutionGuid = {1AD17B59-E9AB-4A6F-B3DA-01D35B49D14C}
	EndGlobalSection
EndGlobal
